// !$*UTF8*$!
{
	archiveVersion = 1;
	classes = {
	};
	objectVersion = 46;
	objects = {

/* Begin PBXBuildFile section */
		F789FF851A829ED0004AEF0F /* main.m in Sources */ = {isa = PBXBuildFile; fileRef = F789FF841A829ED0004AEF0F /* main.m */; };
		F789FF881A829ED0004AEF0F /* AppDelegate.m in Sources */ = {isa = PBXBuildFile; fileRef = F789FF871A829ED0004AEF0F /* AppDelegate.m */; };
		F789FF901A829ED0004AEF0F /* Images.xcassets in Resources */ = {isa = PBXBuildFile; fileRef = F789FF8F1A829ED0004AEF0F /* Images.xcassets */; };
		F789FF931A829ED0004AEF0F /* LaunchScreen.xib in Resources */ = {isa = PBXBuildFile; fileRef = F789FF911A829ED0004AEF0F /* LaunchScreen.xib */; };
		F789FF9F1A829ED0004AEF0F /* kit_iot_wearable_iosTests.m in Sources */ = {isa = PBXBuildFile; fileRef = F789FF9E1A829ED0004AEF0F /* kit_iot_wearable_iosTests.m */; };
		F789FFC21A829FBB004AEF0F /* SerialGATT.m in Sources */ = {isa = PBXBuildFile; fileRef = F789FFC11A829FBB004AEF0F /* SerialGATT.m */; };
		F789FFC61A82A04C004AEF0F /* DevicesVC.m in Sources */ = {isa = PBXBuildFile; fileRef = F789FFC41A82A04C004AEF0F /* DevicesVC.m */; };
		F789FFC71A82A04C004AEF0F /* DevicesVC.xib in Resources */ = {isa = PBXBuildFile; fileRef = F789FFC51A82A04C004AEF0F /* DevicesVC.xib */; };
		F789FFCB1A82A2FB004AEF0F /* ComandosVC.m in Sources */ = {isa = PBXBuildFile; fileRef = F789FFC91A82A2FB004AEF0F /* ComandosVC.m */; };
		F789FFCC1A82A2FB004AEF0F /* ComandosVC.xib in Resources */ = {isa = PBXBuildFile; fileRef = F789FFCA1A82A2FB004AEF0F /* ComandosVC.xib */; };
		F789FFCE1A82A641004AEF0F /* AudioToolbox.framework in Frameworks */ = {isa = PBXBuildFile; fileRef = F789FFCD1A82A641004AEF0F /* AudioToolbox.framework */; };
		F789FFD01A82A64F004AEF0F /* CoreBluetooth.framework in Frameworks */ = {isa = PBXBuildFile; fileRef = F789FFCF1A82A64F004AEF0F /* CoreBluetooth.framework */; };
		F789FFD21A82A667004AEF0F /* UIKit.framework in Frameworks */ = {isa = PBXBuildFile; fileRef = F789FFD11A82A667004AEF0F /* UIKit.framework */; };
		F789FFD41A82A67B004AEF0F /* Foundation.framework in Frameworks */ = {isa = PBXBuildFile; fileRef = F789FFD31A82A67B004AEF0F /* Foundation.framework */; };
		F789FFD61A82A68B004AEF0F /* CoreGraphics.framework in Frameworks */ = {isa = PBXBuildFile; fileRef = F789FFD51A82A68B004AEF0F /* CoreGraphics.framework */; };
		F789FFDC1A82AB05004AEF0F /* azul.png in Resources */ = {isa = PBXBuildFile; fileRef = F789FFD81A82AB05004AEF0F /* azul.png */; };
		F789FFDD1A82AB05004AEF0F /* vader.png in Resources */ = {isa = PBXBuildFile; fileRef = F789FFD91A82AB05004AEF0F /* vader.png */; };
		F789FFDE1A82AB05004AEF0F /* verde.png in Resources */ = {isa = PBXBuildFile; fileRef = F789FFDA1A82AB05004AEF0F /* verde.png */; };
		F789FFDF1A82AB05004AEF0F /* vermelho.png in Resources */ = {isa = PBXBuildFile; fileRef = F789FFDB1A82AB05004AEF0F /* vermelho.png */; };
/* End PBXBuildFile section */

/* Begin PBXContainerItemProxy section */
		F789FF991A829ED0004AEF0F /* PBXContainerItemProxy */ = {
			isa = PBXContainerItemProxy;
			containerPortal = F789FF771A829ED0004AEF0F /* Project object */;
			proxyType = 1;
			remoteGlobalIDString = F789FF7E1A829ED0004AEF0F;
			remoteInfo = "kit-iot-wearable-ios";
		};
/* End PBXContainerItemProxy section */

/* Begin PBXFileReference section */
		F789FF7F1A829ED0004AEF0F /* kit-iot-wearable-ios.app */ = {isa = PBXFileReference; explicitFileType = wrapper.application; includeInIndex = 0; path = "kit-iot-wearable-ios.app"; sourceTree = BUILT_PRODUCTS_DIR; };
		F789FF831A829ED0004AEF0F /* Info.plist */ = {isa = PBXFileReference; lastKnownFileType = text.plist.xml; path = Info.plist; sourceTree = "<group>"; };
		F789FF841A829ED0004AEF0F /* main.m */ = {isa = PBXFileReference; lastKnownFileType = sourcecode.c.objc; path = main.m; sourceTree = "<group>"; };
		F789FF861A829ED0004AEF0F /* AppDelegate.h */ = {isa = PBXFileReference; lastKnownFileType = sourcecode.c.h; path = AppDelegate.h; sourceTree = "<group>"; };
		F789FF871A829ED0004AEF0F /* AppDelegate.m */ = {isa = PBXFileReference; lastKnownFileType = sourcecode.c.objc; path = AppDelegate.m; sourceTree = "<group>"; };
		F789FF8F1A829ED0004AEF0F /* Images.xcassets */ = {isa = PBXFileReference; lastKnownFileType = folder.assetcatalog; path = Images.xcassets; sourceTree = "<group>"; };
		F789FF921A829ED0004AEF0F /* Base */ = {isa = PBXFileReference; lastKnownFileType = file.xib; name = Base; path = Base.lproj/LaunchScreen.xib; sourceTree = "<group>"; };
		F789FF981A829ED0004AEF0F /* kit-iot-wearable-iosTests.xctest */ = {isa = PBXFileReference; explicitFileType = wrapper.cfbundle; includeInIndex = 0; path = "kit-iot-wearable-iosTests.xctest"; sourceTree = BUILT_PRODUCTS_DIR; };
		F789FF9D1A829ED0004AEF0F /* Info.plist */ = {isa = PBXFileReference; lastKnownFileType = text.plist.xml; path = Info.plist; sourceTree = "<group>"; };
		F789FF9E1A829ED0004AEF0F /* kit_iot_wearable_iosTests.m */ = {isa = PBXFileReference; lastKnownFileType = sourcecode.c.objc; path = kit_iot_wearable_iosTests.m; sourceTree = "<group>"; };
		F789FFC01A829FBB004AEF0F /* SerialGATT.h */ = {isa = PBXFileReference; fileEncoding = 4; lastKnownFileType = sourcecode.c.h; path = SerialGATT.h; sourceTree = "<group>"; };
		F789FFC11A829FBB004AEF0F /* SerialGATT.m */ = {isa = PBXFileReference; fileEncoding = 4; lastKnownFileType = sourcecode.c.objc; path = SerialGATT.m; sourceTree = "<group>"; };
		F789FFC31A82A04C004AEF0F /* DevicesVC.h */ = {isa = PBXFileReference; fileEncoding = 4; lastKnownFileType = sourcecode.c.h; name = DevicesVC.h; path = "untitled folder/DevicesVC.h"; sourceTree = "<group>"; };
		F789FFC41A82A04C004AEF0F /* DevicesVC.m */ = {isa = PBXFileReference; fileEncoding = 4; lastKnownFileType = sourcecode.c.objc; name = DevicesVC.m; path = "untitled folder/DevicesVC.m"; sourceTree = "<group>"; };
		F789FFC51A82A04C004AEF0F /* DevicesVC.xib */ = {isa = PBXFileReference; fileEncoding = 4; lastKnownFileType = file.xib; name = DevicesVC.xib; path = "untitled folder/DevicesVC.xib"; sourceTree = "<group>"; };
		F789FFC81A82A2FB004AEF0F /* ComandosVC.h */ = {isa = PBXFileReference; fileEncoding = 4; lastKnownFileType = sourcecode.c.h; name = ComandosVC.h; path = "untitled folder/ComandosVC.h"; sourceTree = "<group>"; };
		F789FFC91A82A2FB004AEF0F /* ComandosVC.m */ = {isa = PBXFileReference; fileEncoding = 4; lastKnownFileType = sourcecode.c.objc; name = ComandosVC.m; path = "untitled folder/ComandosVC.m"; sourceTree = "<group>"; };
		F789FFCA1A82A2FB004AEF0F /* ComandosVC.xib */ = {isa = PBXFileReference; fileEncoding = 4; lastKnownFileType = file.xib; name = ComandosVC.xib; path = "untitled folder/ComandosVC.xib"; sourceTree = "<group>"; };
		F789FFCD1A82A641004AEF0F /* AudioToolbox.framework */ = {isa = PBXFileReference; lastKnownFileType = wrapper.framework; name = AudioToolbox.framework; path = System/Library/Frameworks/AudioToolbox.framework; sourceTree = SDKROOT; };
		F789FFCF1A82A64F004AEF0F /* CoreBluetooth.framework */ = {isa = PBXFileReference; lastKnownFileType = wrapper.framework; name = CoreBluetooth.framework; path = System/Library/Frameworks/CoreBluetooth.framework; sourceTree = SDKROOT; };
		F789FFD11A82A667004AEF0F /* UIKit.framework */ = {isa = PBXFileReference; lastKnownFileType = wrapper.framework; name = UIKit.framework; path = System/Library/Frameworks/UIKit.framework; sourceTree = SDKROOT; };
		F789FFD31A82A67B004AEF0F /* Foundation.framework */ = {isa = PBXFileReference; lastKnownFileType = wrapper.framework; name = Foundation.framework; path = System/Library/Frameworks/Foundation.framework; sourceTree = SDKROOT; };
		F789FFD51A82A68B004AEF0F /* CoreGraphics.framework */ = {isa = PBXFileReference; lastKnownFileType = wrapper.framework; name = CoreGraphics.framework; path = System/Library/Frameworks/CoreGraphics.framework; sourceTree = SDKROOT; };
		F789FFD81A82AB05004AEF0F /* azul.png */ = {isa = PBXFileReference; lastKnownFileType = image.png; path = azul.png; sourceTree = "<group>"; };
		F789FFD91A82AB05004AEF0F /* vader.png */ = {isa = PBXFileReference; lastKnownFileType = image.png; path = vader.png; sourceTree = "<group>"; };
		F789FFDA1A82AB05004AEF0F /* verde.png */ = {isa = PBXFileReference; lastKnownFileType = image.png; path = verde.png; sourceTree = "<group>"; };
		F789FFDB1A82AB05004AEF0F /* vermelho.png */ = {isa = PBXFileReference; lastKnownFileType = image.png; path = vermelho.png; sourceTree = "<group>"; };
/* End PBXFileReference section */

/* Begin PBXFrameworksBuildPhase section */
		F789FF7C1A829ED0004AEF0F /* Frameworks */ = {
			isa = PBXFrameworksBuildPhase;
			buildActionMask = 2147483647;
			files = (
				F789FFD61A82A68B004AEF0F /* CoreGraphics.framework in Frameworks */,
				F789FFD41A82A67B004AEF0F /* Foundation.framework in Frameworks */,
				F789FFD21A82A667004AEF0F /* UIKit.framework in Frameworks */,
				F789FFD01A82A64F004AEF0F /* CoreBluetooth.framework in Frameworks */,
				F789FFCE1A82A641004AEF0F /* AudioToolbox.framework in Frameworks */,
			);
			runOnlyForDeploymentPostprocessing = 0;
		};
		F789FF951A829ED0004AEF0F /* Frameworks */ = {
			isa = PBXFrameworksBuildPhase;
			buildActionMask = 2147483647;
			files = (
			);
			runOnlyForDeploymentPostprocessing = 0;
		};
/* End PBXFrameworksBuildPhase section */

/* Begin PBXGroup section */
		F789FF761A829ED0004AEF0F = {
			isa = PBXGroup;
			children = (
				F789FFD71A82AB05004AEF0F /* assets */,
				F789FFD51A82A68B004AEF0F /* CoreGraphics.framework */,
				F789FFD31A82A67B004AEF0F /* Foundation.framework */,
				F789FFD11A82A667004AEF0F /* UIKit.framework */,
				F789FFCF1A82A64F004AEF0F /* CoreBluetooth.framework */,
				F789FFCD1A82A641004AEF0F /* AudioToolbox.framework */,
				F789FF811A829ED0004AEF0F /* kit-iot-wearable-ios */,
				F789FF9B1A829ED0004AEF0F /* kit-iot-wearable-iosTests */,
				F789FF801A829ED0004AEF0F /* Products */,
			);
			sourceTree = "<group>";
		};
		F789FF801A829ED0004AEF0F /* Products */ = {
			isa = PBXGroup;
			children = (
				F789FF7F1A829ED0004AEF0F /* kit-iot-wearable-ios.app */,
				F789FF981A829ED0004AEF0F /* kit-iot-wearable-iosTests.xctest */,
			);
			name = Products;
			sourceTree = "<group>";
		};
		F789FF811A829ED0004AEF0F /* kit-iot-wearable-ios */ = {
			isa = PBXGroup;
			children = (
				F789FFBF1A829FBB004AEF0F /* Bibliotecas */,
				F789FF861A829ED0004AEF0F /* AppDelegate.h */,
				F789FF871A829ED0004AEF0F /* AppDelegate.m */,
				F789FFC31A82A04C004AEF0F /* DevicesVC.h */,
				F789FFC41A82A04C004AEF0F /* DevicesVC.m */,
				F789FFC51A82A04C004AEF0F /* DevicesVC.xib */,
				F789FFC81A82A2FB004AEF0F /* ComandosVC.h */,
				F789FFC91A82A2FB004AEF0F /* ComandosVC.m */,
				F789FFCA1A82A2FB004AEF0F /* ComandosVC.xib */,
				F789FF8F1A829ED0004AEF0F /* Images.xcassets */,
				F789FF911A829ED0004AEF0F /* LaunchScreen.xib */,
				F789FF821A829ED0004AEF0F /* Supporting Files */,
			);
			path = "kit-iot-wearable-ios";
			sourceTree = "<group>";
		};
		F789FF821A829ED0004AEF0F /* Supporting Files */ = {
			isa = PBXGroup;
			children = (
				F789FF831A829ED0004AEF0F /* Info.plist */,
				F789FF841A829ED0004AEF0F /* main.m */,
			);
			name = "Supporting Files";
			sourceTree = "<group>";
		};
		F789FF9B1A829ED0004AEF0F /* kit-iot-wearable-iosTests */ = {
			isa = PBXGroup;
			children = (
				F789FF9E1A829ED0004AEF0F /* kit_iot_wearable_iosTests.m */,
				F789FF9C1A829ED0004AEF0F /* Supporting Files */,
			);
			path = "kit-iot-wearable-iosTests";
			sourceTree = "<group>";
		};
		F789FF9C1A829ED0004AEF0F /* Supporting Files */ = {
			isa = PBXGroup;
			children = (
				F789FF9D1A829ED0004AEF0F /* Info.plist */,
			);
			name = "Supporting Files";
			sourceTree = "<group>";
		};
		F789FFBF1A829FBB004AEF0F /* Bibliotecas */ = {
			isa = PBXGroup;
			children = (
				F789FFC01A829FBB004AEF0F /* SerialGATT.h */,
				F789FFC11A829FBB004AEF0F /* SerialGATT.m */,
			);
			path = Bibliotecas;
			sourceTree = "<group>";
		};
		F789FFD71A82AB05004AEF0F /* assets */ = {
			isa = PBXGroup;
			children = (
				F789FFD81A82AB05004AEF0F /* azul.png */,
				F789FFD91A82AB05004AEF0F /* vader.png */,
				F789FFDA1A82AB05004AEF0F /* verde.png */,
				F789FFDB1A82AB05004AEF0F /* vermelho.png */,
			);
			path = assets;
			sourceTree = "<group>";
		};
/* End PBXGroup section */

/* Begin PBXNativeTarget section */
		F789FF7E1A829ED0004AEF0F /* kit-iot-wearable-ios */ = {
			isa = PBXNativeTarget;
			buildConfigurationList = F789FFA21A829ED0004AEF0F /* Build configuration list for PBXNativeTarget "kit-iot-wearable-ios" */;
			buildPhases = (
				F789FF7B1A829ED0004AEF0F /* Sources */,
				F789FF7C1A829ED0004AEF0F /* Frameworks */,
				F789FF7D1A829ED0004AEF0F /* Resources */,
			);
			buildRules = (
			);
			dependencies = (
			);
			name = "kit-iot-wearable-ios";
			productName = "kit-iot-wearable-ios";
			productReference = F789FF7F1A829ED0004AEF0F /* kit-iot-wearable-ios.app */;
			productType = "com.apple.product-type.application";
		};
		F789FF971A829ED0004AEF0F /* kit-iot-wearable-iosTests */ = {
			isa = PBXNativeTarget;
			buildConfigurationList = F789FFA51A829ED0004AEF0F /* Build configuration list for PBXNativeTarget "kit-iot-wearable-iosTests" */;
			buildPhases = (
				F789FF941A829ED0004AEF0F /* Sources */,
				F789FF951A829ED0004AEF0F /* Frameworks */,
				F789FF961A829ED0004AEF0F /* Resources */,
			);
			buildRules = (
			);
			dependencies = (
				F789FF9A1A829ED0004AEF0F /* PBXTargetDependency */,
			);
			name = "kit-iot-wearable-iosTests";
			productName = "kit-iot-wearable-iosTests";
			productReference = F789FF981A829ED0004AEF0F /* kit-iot-wearable-iosTests.xctest */;
			productType = "com.apple.product-type.bundle.unit-test";
		};
/* End PBXNativeTarget section */

/* Begin PBXProject section */
		F789FF771A829ED0004AEF0F /* Project object */ = {
			isa = PBXProject;
			attributes = {
				LastUpgradeCheck = 0620;
				ORGANIZATIONNAME = "Ezequiel França";
				TargetAttributes = {
					F789FF7E1A829ED0004AEF0F = {
						CreatedOnToolsVersion = 6.2;
					};
					F789FF971A829ED0004AEF0F = {
						CreatedOnToolsVersion = 6.2;
						TestTargetID = F789FF7E1A829ED0004AEF0F;
					};
				};
			};
			buildConfigurationList = F789FF7A1A829ED0004AEF0F /* Build configuration list for PBXProject "kit-iot-wearable-ios" */;
			compatibilityVersion = "Xcode 3.2";
			developmentRegion = English;
			hasScannedForEncodings = 0;
			knownRegions = (
				en,
				Base,
			);
			mainGroup = F789FF761A829ED0004AEF0F;
			productRefGroup = F789FF801A829ED0004AEF0F /* Products */;
			projectDirPath = "";
			projectRoot = "";
			targets = (
				F789FF7E1A829ED0004AEF0F /* kit-iot-wearable-ios */,
				F789FF971A829ED0004AEF0F /* kit-iot-wearable-iosTests */,
			);
		};
/* End PBXProject section */

/* Begin PBXResourcesBuildPhase section */
		F789FF7D1A829ED0004AEF0F /* Resources */ = {
			isa = PBXResourcesBuildPhase;
			buildActionMask = 2147483647;
			files = (
				F789FFCC1A82A2FB004AEF0F /* ComandosVC.xib in Resources */,
				F789FFDF1A82AB05004AEF0F /* vermelho.png in Resources */,
				F789FFDC1A82AB05004AEF0F /* azul.png in Resources */,
				F789FF931A829ED0004AEF0F /* LaunchScreen.xib in Resources */,
				F789FF901A829ED0004AEF0F /* Images.xcassets in Resources */,
				F789FFDE1A82AB05004AEF0F /* verde.png in Resources */,
				F789FFDD1A82AB05004AEF0F /* vader.png in Resources */,
				F789FFC71A82A04C004AEF0F /* DevicesVC.xib in Resources */,
			);
			runOnlyForDeploymentPostprocessing = 0;
		};
		F789FF961A829ED0004AEF0F /* Resources */ = {
			isa = PBXResourcesBuildPhase;
			buildActionMask = 2147483647;
			files = (
			);
			runOnlyForDeploymentPostprocessing = 0;
		};
/* End PBXResourcesBuildPhase section */

/* Begin PBXSourcesBuildPhase section */
		F789FF7B1A829ED0004AEF0F /* Sources */ = {
			isa = PBXSourcesBuildPhase;
			buildActionMask = 2147483647;
			files = (
				F789FF881A829ED0004AEF0F /* AppDelegate.m in Sources */,
				F789FFCB1A82A2FB004AEF0F /* ComandosVC.m in Sources */,
				F789FF851A829ED0004AEF0F /* main.m in Sources */,
				F789FFC61A82A04C004AEF0F /* DevicesVC.m in Sources */,
				F789FFC21A829FBB004AEF0F /* SerialGATT.m in Sources */,
			);
			runOnlyForDeploymentPostprocessing = 0;
		};
		F789FF941A829ED0004AEF0F /* Sources */ = {
			isa = PBXSourcesBuildPhase;
			buildActionMask = 2147483647;
			files = (
				F789FF9F1A829ED0004AEF0F /* kit_iot_wearable_iosTests.m in Sources */,
			);
			runOnlyForDeploymentPostprocessing = 0;
		};
/* End PBXSourcesBuildPhase section */

/* Begin PBXTargetDependency section */
		F789FF9A1A829ED0004AEF0F /* PBXTargetDependency */ = {
			isa = PBXTargetDependency;
			target = F789FF7E1A829ED0004AEF0F /* kit-iot-wearable-ios */;
			targetProxy = F789FF991A829ED0004AEF0F /* PBXContainerItemProxy */;
		};
/* End PBXTargetDependency section */

/* Begin PBXVariantGroup section */
		F789FF911A829ED0004AEF0F /* LaunchScreen.xib */ = {
			isa = PBXVariantGroup;
			children = (
				F789FF921A829ED0004AEF0F /* Base */,
			);
			name = LaunchScreen.xib;
			sourceTree = "<group>";
		};
/* End PBXVariantGroup section */

/* Begin XCBuildConfiguration section */
		F789FFA01A829ED0004AEF0F /* Debug */ = {
			isa = XCBuildConfiguration;
			buildSettings = {
				ALWAYS_SEARCH_USER_PATHS = NO;
				CLANG_CXX_LANGUAGE_STANDARD = "gnu++0x";
				CLANG_CXX_LIBRARY = "libc++";
				CLANG_ENABLE_MODULES = YES;
				CLANG_ENABLE_OBJC_ARC = YES;
				CLANG_WARN_BOOL_CONVERSION = YES;
				CLANG_WARN_CONSTANT_CONVERSION = YES;
				CLANG_WARN_DIRECT_OBJC_ISA_USAGE = YES_ERROR;
				CLANG_WARN_EMPTY_BODY = YES;
				CLANG_WARN_ENUM_CONVERSION = YES;
				CLANG_WARN_INT_CONVERSION = YES;
				CLANG_WARN_OBJC_ROOT_CLASS = YES_ERROR;
				CLANG_WARN_UNREACHABLE_CODE = YES;
				CLANG_WARN__DUPLICATE_METHOD_MATCH = YES;
				"CODE_SIGN_IDENTITY[sdk=iphoneos*]" = "iPhone Developer";
				COPY_PHASE_STRIP = NO;
				ENABLE_STRICT_OBJC_MSGSEND = YES;
				GCC_C_LANGUAGE_STANDARD = gnu99;
				GCC_DYNAMIC_NO_PIC = NO;
				GCC_OPTIMIZATION_LEVEL = 0;
				GCC_PREPROCESSOR_DEFINITIONS = (
					"DEBUG=1",
					"$(inherited)",
				);
				GCC_SYMBOLS_PRIVATE_EXTERN = NO;
				GCC_WARN_64_TO_32_BIT_CONVERSION = YES;
				GCC_WARN_ABOUT_RETURN_TYPE = YES_ERROR;
				GCC_WARN_UNDECLARED_SELECTOR = YES;
				GCC_WARN_UNINITIALIZED_AUTOS = YES_AGGRESSIVE;
				GCC_WARN_UNUSED_FUNCTION = YES;
				GCC_WARN_UNUSED_VARIABLE = YES;
				IPHONEOS_DEPLOYMENT_TARGET = 8.2;
				MTL_ENABLE_DEBUG_INFO = YES;
				ONLY_ACTIVE_ARCH = YES;
				SDKROOT = iphoneos;
				TARGETED_DEVICE_FAMILY = "1,2";
			};
			name = Debug;
		};
		F789FFA11A829ED0004AEF0F /* Release */ = {
			isa = XCBuildConfiguration;
			buildSettings = {
				ALWAYS_SEARCH_USER_PATHS = NO;
				CLANG_CXX_LANGUAGE_STANDARD = "gnu++0x";
				CLANG_CXX_LIBRARY = "libc++";
				CLANG_ENABLE_MODULES = YES;
				CLANG_ENABLE_OBJC_ARC = YES;
				CLANG_WARN_BOOL_CONVERSION = YES;
				CLANG_WARN_CONSTANT_CONVERSION = YES;
				CLANG_WARN_DIRECT_OBJC_ISA_USAGE = YES_ERROR;
				CLANG_WARN_EMPTY_BODY = YES;
				CLANG_WARN_ENUM_CONVERSION = YES;
				CLANG_WARN_INT_CONVERSION = YES;
				CLANG_WARN_OBJC_ROOT_CLASS = YES_ERROR;
				CLANG_WARN_UNREACHABLE_CODE = YES;
				CLANG_WARN__DUPLICATE_METHOD_MATCH = YES;
				"CODE_SIGN_IDENTITY[sdk=iphoneos*]" = "iPhone Developer";
				COPY_PHASE_STRIP = NO;
				ENABLE_NS_ASSERTIONS = NO;
				ENABLE_STRICT_OBJC_MSGSEND = YES;
				GCC_C_LANGUAGE_STANDARD = gnu99;
				GCC_WARN_64_TO_32_BIT_CONVERSION = YES;
				GCC_WARN_ABOUT_RETURN_TYPE = YES_ERROR;
				GCC_WARN_UNDECLARED_SELECTOR = YES;
				GCC_WARN_UNINITIALIZED_AUTOS = YES_AGGRESSIVE;
				GCC_WARN_UNUSED_FUNCTION = YES;
				GCC_WARN_UNUSED_VARIABLE = YES;
				IPHONEOS_DEPLOYMENT_TARGET = 8.2;
				MTL_ENABLE_DEBUG_INFO = NO;
				SDKROOT = iphoneos;
				TARGETED_DEVICE_FAMILY = "1,2";
				VALIDATE_PRODUCT = YES;
			};
			name = Release;
		};
		F789FFA31A829ED0004AEF0F /* Debug */ = {
			isa = XCBuildConfiguration;
			buildSettings = {
				ASSETCATALOG_COMPILER_APPICON_NAME = AppIcon;
				INFOPLIST_FILE = "kit-iot-wearable-ios/Info.plist";
				IPHONEOS_DEPLOYMENT_TARGET = 7.1;
				LD_RUNPATH_SEARCH_PATHS = "$(inherited) @executable_path/Frameworks";
				PRODUCT_NAME = "$(TARGET_NAME)";
			};
			name = Debug;
		};
		F789FFA41A829ED0004AEF0F /* Release */ = {
			isa = XCBuildConfiguration;
			buildSettings = {
				ASSETCATALOG_COMPILER_APPICON_NAME = AppIcon;
				INFOPLIST_FILE = "kit-iot-wearable-ios/Info.plist";
				IPHONEOS_DEPLOYMENT_TARGET = 7.1;
				LD_RUNPATH_SEARCH_PATHS = "$(inherited) @executable_path/Frameworks";
				PRODUCT_NAME = "$(TARGET_NAME)";
			};
			name = Release;
		};
		F789FFA61A829ED0004AEF0F /* Debug */ = {
			isa = XCBuildConfiguration;
			buildSettings = {
				BUNDLE_LOADER = "$(TEST_HOST)";
				FRAMEWORK_SEARCH_PATHS = (
					"$(SDKROOT)/Developer/Library/Frameworks",
					"$(inherited)",
				);
				GCC_PREPROCESSOR_DEFINITIONS = (
					"DEBUG=1",
					"$(inherited)",
				);
				INFOPLIST_FILE = "kit-iot-wearable-iosTests/Info.plist";
				LD_RUNPATH_SEARCH_PATHS = "$(inherited) @executable_path/Frameworks @loader_path/Frameworks";
				PRODUCT_NAME = "$(TARGET_NAME)";
				TEST_HOST = "$(BUILT_PRODUCTS_DIR)/kit-iot-wearable-ios.app/kit-iot-wearable-ios";
			};
			name = Debug;
		};
		F789FFA71A829ED0004AEF0F /* Release */ = {
			isa = XCBuildConfiguration;
			buildSettings = {
				BUNDLE_LOADER = "$(TEST_HOST)";
				FRAMEWORK_SEARCH_PATHS = (
					"$(SDKROOT)/Developer/Library/Frameworks",
					"$(inherited)",
				);
				INFOPLIST_FILE = "kit-iot-wearable-iosTests/Info.plist";
				LD_RUNPATH_SEARCH_PATHS = "$(inherited) @executable_path/Frameworks @loader_path/Frameworks";
				PRODUCT_NAME = "$(TARGET_NAME)";
				TEST_HOST = "$(BUILT_PRODUCTS_DIR)/kit-iot-wearable-ios.app/kit-iot-wearable-ios";
			};
			name = Release;
		};
/* End XCBuildConfiguration section */

/* Begin XCConfigurationList section */
		F789FF7A1A829ED0004AEF0F /* Build configuration list for PBXProject "kit-iot-wearable-ios" */ = {
			isa = XCConfigurationList;
			buildConfigurations = (
				F789FFA01A829ED0004AEF0F /* Debug */,
				F789FFA11A829ED0004AEF0F /* Release */,
			);
			defaultConfigurationIsVisible = 0;
			defaultConfigurationName = Release;
		};
		F789FFA21A829ED0004AEF0F /* Build configuration list for PBXNativeTarget "kit-iot-wearable-ios" */ = {
			isa = XCConfigurationList;
			buildConfigurations = (
				F789FFA31A829ED0004AEF0F /* Debug */,
				F789FFA41A829ED0004AEF0F /* Release */,
			);
			defaultConfigurationIsVisible = 0;
		};
		F789FFA51A829ED0004AEF0F /* Build configuration list for PBXNativeTarget "kit-iot-wearable-iosTests" */ = {
			isa = XCConfigurationList;
			buildConfigurations = (
				F789FFA61A829ED0004AEF0F /* Debug */,
				F789FFA71A829ED0004AEF0F /* Release */,
			);
			defaultConfigurationIsVisible = 0;
		};
/* End XCConfigurationList section */
	};
	rootObject = F789FF771A829ED0004AEF0F /* Project object */;
}
